// !$*UTF8*$!
{
	archiveVersion = 1;
	classes = {
	};
	objectVersion = 50;
	objects = {

/* Begin PBXBuildFile section */
		D68334B426F6C4960035BE1F /* MainView.swift in Sources */ = {isa = PBXBuildFile; fileRef = D68334B326F6C4960035BE1F /* MainView.swift */; };
		D6CC0E3026F089A700AD45E0 /* trace_my_rideApp.swift in Sources */ = {isa = PBXBuildFile; fileRef = D6CC0E2F26F089A700AD45E0 /* trace_my_rideApp.swift */; };
		D6CC0E3226F089A700AD45E0 /* ContentView.swift in Sources */ = {isa = PBXBuildFile; fileRef = D6CC0E3126F089A700AD45E0 /* ContentView.swift */; };
		D6CC0E3426F089A800AD45E0 /* Assets.xcassets in Resources */ = {isa = PBXBuildFile; fileRef = D6CC0E3326F089A800AD45E0 /* Assets.xcassets */; };
		D6CC0E3726F089A800AD45E0 /* Preview Assets.xcassets in Resources */ = {isa = PBXBuildFile; fileRef = D6CC0E3626F089A800AD45E0 /* Preview Assets.xcassets */; };
		D6D475BB26F1200500D91F18 /* WebService.swift in Sources */ = {isa = PBXBuildFile; fileRef = D6D475BA26F1200500D91F18 /* WebService.swift */; };
		D6D475BF26F1E9CA00D91F18 /* MainTrackingView.swift in Sources */ = {isa = PBXBuildFile; fileRef = D6D475BE26F1E9CA00D91F18 /* MainTrackingView.swift */; };
		D6E909E226F729070028CB9F /* SettingsView.swift in Sources */ = {isa = PBXBuildFile; fileRef = D6E909E126F729070028CB9F /* SettingsView.swift */; };
/* End PBXBuildFile section */

/* Begin PBXFileReference section */
		D68334B326F6C4960035BE1F /* MainView.swift */ = {isa = PBXFileReference; lastKnownFileType = sourcecode.swift; path = MainView.swift; sourceTree = "<group>"; };
		D6CC0E2C26F089A700AD45E0 /* trace-my-ride.app */ = {isa = PBXFileReference; explicitFileType = wrapper.application; includeInIndex = 0; path = "trace-my-ride.app"; sourceTree = BUILT_PRODUCTS_DIR; };
		D6CC0E2F26F089A700AD45E0 /* trace_my_rideApp.swift */ = {isa = PBXFileReference; lastKnownFileType = sourcecode.swift; path = trace_my_rideApp.swift; sourceTree = "<group>"; };
		D6CC0E3126F089A700AD45E0 /* ContentView.swift */ = {isa = PBXFileReference; lastKnownFileType = sourcecode.swift; path = ContentView.swift; sourceTree = "<group>"; };
		D6CC0E3326F089A800AD45E0 /* Assets.xcassets */ = {isa = PBXFileReference; lastKnownFileType = folder.assetcatalog; path = Assets.xcassets; sourceTree = "<group>"; };
		D6CC0E3626F089A800AD45E0 /* Preview Assets.xcassets */ = {isa = PBXFileReference; lastKnownFileType = folder.assetcatalog; path = "Preview Assets.xcassets"; sourceTree = "<group>"; };
		D6CC0E3826F089A800AD45E0 /* Info.plist */ = {isa = PBXFileReference; lastKnownFileType = text.plist.xml; path = Info.plist; sourceTree = "<group>"; };
		D6D475BA26F1200500D91F18 /* WebService.swift */ = {isa = PBXFileReference; lastKnownFileType = sourcecode.swift; path = WebService.swift; sourceTree = "<group>"; };
		D6D475BE26F1E9CA00D91F18 /* MainTrackingView.swift */ = {isa = PBXFileReference; lastKnownFileType = sourcecode.swift; path = MainTrackingView.swift; sourceTree = "<group>"; };
		D6E909E126F729070028CB9F /* SettingsView.swift */ = {isa = PBXFileReference; lastKnownFileType = sourcecode.swift; path = SettingsView.swift; sourceTree = "<group>"; };
/* End PBXFileReference section */

/* Begin PBXFrameworksBuildPhase section */
		D6CC0E2926F089A700AD45E0 /* Frameworks */ = {
			isa = PBXFrameworksBuildPhase;
			buildActionMask = 2147483647;
			files = (
			);
			runOnlyForDeploymentPostprocessing = 0;
		};
/* End PBXFrameworksBuildPhase section */

/* Begin PBXGroup section */
		D6CC0E2326F089A700AD45E0 = {
			isa = PBXGroup;
			children = (
				D6CC0E2E26F089A700AD45E0 /* trace-my-ride */,
				D6CC0E2D26F089A700AD45E0 /* Products */,
			);
			sourceTree = "<group>";
		};
		D6CC0E2D26F089A700AD45E0 /* Products */ = {
			isa = PBXGroup;
			children = (
				D6CC0E2C26F089A700AD45E0 /* trace-my-ride.app */,
			);
			name = Products;
			sourceTree = "<group>";
		};
		D6CC0E2E26F089A700AD45E0 /* trace-my-ride */ = {
			isa = PBXGroup;
			children = (
				D6E909E126F729070028CB9F /* SettingsView.swift */,
				D6CC0E2F26F089A700AD45E0 /* trace_my_rideApp.swift */,
				D6CC0E3126F089A700AD45E0 /* ContentView.swift */,
				D6D475BE26F1E9CA00D91F18 /* MainTrackingView.swift */,
				D6D475BA26F1200500D91F18 /* WebService.swift */,
				D68334B326F6C4960035BE1F /* MainView.swift */,
				D6CC0E3326F089A800AD45E0 /* Assets.xcassets */,
				D6CC0E3826F089A800AD45E0 /* Info.plist */,
				D6CC0E3526F089A800AD45E0 /* Preview Content */,
			);
			path = "trace-my-ride";
			sourceTree = "<group>";
		};
		D6CC0E3526F089A800AD45E0 /* Preview Content */ = {
			isa = PBXGroup;
			children = (
				D6CC0E3626F089A800AD45E0 /* Preview Assets.xcassets */,
			);
			path = "Preview Content";
			sourceTree = "<group>";
		};
/* End PBXGroup section */

/* Begin PBXNativeTarget section */
		D6CC0E2B26F089A700AD45E0 /* trace-my-ride */ = {
			isa = PBXNativeTarget;
			buildConfigurationList = D6CC0E3B26F089A800AD45E0 /* Build configuration list for PBXNativeTarget "trace-my-ride" */;
			buildPhases = (
				D6CC0E2826F089A700AD45E0 /* Sources */,
				D6CC0E2926F089A700AD45E0 /* Frameworks */,
				D6CC0E2A26F089A700AD45E0 /* Resources */,
			);
			buildRules = (
			);
			dependencies = (
			);
			name = "trace-my-ride";
			productName = "trace-my-ride";
			productReference = D6CC0E2C26F089A700AD45E0 /* trace-my-ride.app */;
			productType = "com.apple.product-type.application";
		};
/* End PBXNativeTarget section */

/* Begin PBXProject section */
		D6CC0E2426F089A700AD45E0 /* Project object */ = {
			isa = PBXProject;
			attributes = {
				LastSwiftUpdateCheck = 1250;
				LastUpgradeCheck = 1250;
				TargetAttributes = {
					D6CC0E2B26F089A700AD45E0 = {
						CreatedOnToolsVersion = 12.5.1;
					};
				};
			};
			buildConfigurationList = D6CC0E2726F089A700AD45E0 /* Build configuration list for PBXProject "trace-my-ride" */;
			compatibilityVersion = "Xcode 9.3";
			developmentRegion = en;
			hasScannedForEncodings = 0;
			knownRegions = (
				en,
				Base,
			);
			mainGroup = D6CC0E2326F089A700AD45E0;
			productRefGroup = D6CC0E2D26F089A700AD45E0 /* Products */;
			projectDirPath = "";
			projectRoot = "";
			targets = (
				D6CC0E2B26F089A700AD45E0 /* trace-my-ride */,
			);
		};
/* End PBXProject section */

/* Begin PBXResourcesBuildPhase section */
		D6CC0E2A26F089A700AD45E0 /* Resources */ = {
			isa = PBXResourcesBuildPhase;
			buildActionMask = 2147483647;
			files = (
				D6CC0E3726F089A800AD45E0 /* Preview Assets.xcassets in Resources */,
				D6CC0E3426F089A800AD45E0 /* Assets.xcassets in Resources */,
			);
			runOnlyForDeploymentPostprocessing = 0;
		};
/* End PBXResourcesBuildPhase section */

/* Begin PBXSourcesBuildPhase section */
		D6CC0E2826F089A700AD45E0 /* Sources */ = {
			isa = PBXSourcesBuildPhase;
			buildActionMask = 2147483647;
			files = (
				D6D475BF26F1E9CA00D91F18 /* MainTrackingView.swift in Sources */,
				D6D475BB26F1200500D91F18 /* WebService.swift in Sources */,
				D6CC0E3226F089A700AD45E0 /* ContentView.swift in Sources */,
				D6E909E226F729070028CB9F /* SettingsView.swift in Sources */,
				D68334B426F6C4960035BE1F /* MainView.swift in Sources */,
				D6CC0E3026F089A700AD45E0 /* trace_my_rideApp.swift in Sources */,
			);
			runOnlyForDeploymentPostprocessing = 0;
		};
/* End PBXSourcesBuildPhase section */

/* Begin XCBuildConfiguration section */
		D6CC0E3926F089A800AD45E0 /* Debug */ = {
			isa = XCBuildConfiguration;
			buildSettings = {
				ALWAYS_SEARCH_USER_PATHS = NO;
				CLANG_ANALYZER_NONNULL = YES;
				CLANG_ANALYZER_NUMBER_OBJECT_CONVERSION = YES_AGGRESSIVE;
				CLANG_CXX_LANGUAGE_STANDARD = "gnu++14";
				CLANG_CXX_LIBRARY = "libc++";
				CLANG_ENABLE_MODULES = YES;
				CLANG_ENABLE_OBJC_ARC = YES;
				CLANG_ENABLE_OBJC_WEAK = YES;
				CLANG_WARN_BLOCK_CAPTURE_AUTORELEASING = YES;
				CLANG_WARN_BOOL_CONVERSION = YES;
				CLANG_WARN_COMMA = YES;
				CLANG_WARN_CONSTANT_CONVERSION = YES;
				CLANG_WARN_DEPRECATED_OBJC_IMPLEMENTATIONS = YES;
				CLANG_WARN_DIRECT_OBJC_ISA_USAGE = YES_ERROR;
				CLANG_WARN_DOCUMENTATION_COMMENTS = YES;
				CLANG_WARN_EMPTY_BODY = YES;
				CLANG_WARN_ENUM_CONVERSION = YES;
				CLANG_WARN_INFINITE_RECURSION = YES;
				CLANG_WARN_INT_CONVERSION = YES;
				CLANG_WARN_NON_LITERAL_NULL_CONVERSION = YES;
				CLANG_WARN_OBJC_IMPLICIT_RETAIN_SELF = YES;
				CLANG_WARN_OBJC_LITERAL_CONVERSION = YES;
				CLANG_WARN_OBJC_ROOT_CLASS = YES_ERROR;
				CLANG_WARN_QUOTED_INCLUDE_IN_FRAMEWORK_HEADER = YES;
				CLANG_WARN_RANGE_LOOP_ANALYSIS = YES;
				CLANG_WARN_STRICT_PROTOTYPES = YES;
				CLANG_WARN_SUSPICIOUS_MOVE = YES;
				CLANG_WARN_UNGUARDED_AVAILABILITY = YES_AGGRESSIVE;
				CLANG_WARN_UNREACHABLE_CODE = YES;
				CLANG_WARN__DUPLICATE_METHOD_MATCH = YES;
				COPY_PHASE_STRIP = NO;
				DEBUG_INFORMATION_FORMAT = dwarf;
				ENABLE_STRICT_OBJC_MSGSEND = YES;
				ENABLE_TESTABILITY = YES;
				GCC_C_LANGUAGE_STANDARD = gnu11;
				GCC_DYNAMIC_NO_PIC = NO;
				GCC_NO_COMMON_BLOCKS = YES;
				GCC_OPTIMIZATION_LEVEL = 0;
				GCC_PREPROCESSOR_DEFINITIONS = (
					"DEBUG=1",
					"$(inherited)",
				);
				GCC_WARN_64_TO_32_BIT_CONVERSION = YES;
				GCC_WARN_ABOUT_RETURN_TYPE = YES_ERROR;
				GCC_WARN_UNDECLARED_SELECTOR = YES;
				GCC_WARN_UNINITIALIZED_AUTOS = YES_AGGRESSIVE;
				GCC_WARN_UNUSED_FUNCTION = YES;
				GCC_WARN_UNUSED_VARIABLE = YES;
				IPHONEOS_DEPLOYMENT_TARGET = 14.5;
				MTL_ENABLE_DEBUG_INFO = INCLUDE_SOURCE;
				MTL_FAST_MATH = YES;
				ONLY_ACTIVE_ARCH = YES;
				SDKROOT = iphoneos;
				SWIFT_ACTIVE_COMPILATION_CONDITIONS = DEBUG;
				SWIFT_OPTIMIZATION_LEVEL = "-Onone";
			};
			name = Debug;
		};
		D6CC0E3A26F089A800AD45E0 /* Release */ = {
			isa = XCBuildConfiguration;
			buildSettings = {
				ALWAYS_SEARCH_USER_PATHS = NO;
				CLANG_ANALYZER_NONNULL = YES;
				CLANG_ANALYZER_NUMBER_OBJECT_CONVERSION = YES_AGGRESSIVE;
				CLANG_CXX_LANGUAGE_STANDARD = "gnu++14";
				CLANG_CXX_LIBRARY = "libc++";
				CLANG_ENABLE_MODULES = YES;
				CLANG_ENABLE_OBJC_ARC = YES;
				CLANG_ENABLE_OBJC_WEAK = YES;
				CLANG_WARN_BLOCK_CAPTURE_AUTORELEASING = YES;
				CLANG_WARN_BOOL_CONVERSION = YES;
				CLANG_WARN_COMMA = YES;
				CLANG_WARN_CONSTANT_CONVERSION = YES;
				CLANG_WARN_DEPRECATED_OBJC_IMPLEMENTATIONS = YES;
				CLANG_WARN_DIRECT_OBJC_ISA_USAGE = YES_ERROR;
				CLANG_WARN_DOCUMENTATION_COMMENTS = YES;
				CLANG_WARN_EMPTY_BODY = YES;
				CLANG_WARN_ENUM_CONVERSION = YES;
				CLANG_WARN_INFINITE_RECURSION = YES;
				CLANG_WARN_INT_CONVERSION = YES;
				CLANG_WARN_NON_LITERAL_NULL_CONVERSION = YES;
				CLANG_WARN_OBJC_IMPLICIT_RETAIN_SELF = YES;
				CLANG_WARN_OBJC_LITERAL_CONVERSION = YES;
				CLANG_WARN_OBJC_ROOT_CLASS = YES_ERROR;
				CLANG_WARN_QUOTED_INCLUDE_IN_FRAMEWORK_HEADER = YES;
				CLANG_WARN_RANGE_LOOP_ANALYSIS = YES;
				CLANG_WARN_STRICT_PROTOTYPES = YES;
				CLANG_WARN_SUSPICIOUS_MOVE = YES;
				CLANG_WARN_UNGUARDED_AVAILABILITY = YES_AGGRESSIVE;
				CLANG_WARN_UNREACHABLE_CODE = YES;
				CLANG_WARN__DUPLICATE_METHOD_MATCH = YES;
				COPY_PHASE_STRIP = NO;
				DEBUG_INFORMATION_FORMAT = "dwarf-with-dsym";
				ENABLE_NS_ASSERTIONS = NO;
				ENABLE_STRICT_OBJC_MSGSEND = YES;
				GCC_C_LANGUAGE_STANDARD = gnu11;
				GCC_NO_COMMON_BLOCKS = YES;
				GCC_WARN_64_TO_32_BIT_CONVERSION = YES;
				GCC_WARN_ABOUT_RETURN_TYPE = YES_ERROR;
				GCC_WARN_UNDECLARED_SELECTOR = YES;
				GCC_WARN_UNINITIALIZED_AUTOS = YES_AGGRESSIVE;
				GCC_WARN_UNUSED_FUNCTION = YES;
				GCC_WARN_UNUSED_VARIABLE = YES;
				IPHONEOS_DEPLOYMENT_TARGET = 14.5;
				MTL_ENABLE_DEBUG_INFO = NO;
				MTL_FAST_MATH = YES;
				SDKROOT = iphoneos;
				SWIFT_COMPILATION_MODE = wholemodule;
				SWIFT_OPTIMIZATION_LEVEL = "-O";
				VALIDATE_PRODUCT = YES;
			};
			name = Release;
		};
		D6CC0E3C26F089A800AD45E0 /* Debug */ = {
			isa = XCBuildConfiguration;
			buildSettings = {
				ASSETCATALOG_COMPILER_APPICON_NAME = AppIcon;
				ASSETCATALOG_COMPILER_GLOBAL_ACCENT_COLOR_NAME = AccentColor;
				CODE_SIGN_STYLE = Automatic;
				DEVELOPMENT_ASSET_PATHS = "\"trace-my-ride/Preview Content\"";
				DEVELOPMENT_TEAM = QE8733PTUD;
				ENABLE_PREVIEWS = YES;
				INFOPLIST_FILE = "trace-my-ride/Info.plist";
				IPHONEOS_DEPLOYMENT_TARGET = 14.0;
				LD_RUNPATH_SEARCH_PATHS = (
					"$(inherited)",
					"@executable_path/Frameworks",
				);
				PRODUCT_BUNDLE_IDENTIFIER = "Studio-B.trace-my-ride";
				PRODUCT_NAME = "$(TARGET_NAME)";
				SWIFT_VERSION = 5.0;
				TARGETED_DEVICE_FAMILY = "1,2";
			};
			name = Debug;
		};
		D6CC0E3D26F089A800AD45E0 /* Release */ = {
			isa = XCBuildConfiguration;
			buildSettings = {
				ASSETCATALOG_COMPILER_APPICON_NAME = AppIcon;
				ASSETCATALOG_COMPILER_GLOBAL_ACCENT_COLOR_NAME = AccentColor;
				CODE_SIGN_STYLE = Automatic;
				DEVELOPMENT_ASSET_PATHS = "\"trace-my-ride/Preview Content\"";
				DEVELOPMENT_TEAM = QE8733PTUD;
				ENABLE_PREVIEWS = YES;
				INFOPLIST_FILE = "trace-my-ride/Info.plist";
				IPHONEOS_DEPLOYMENT_TARGET = 14.0;
				LD_RUNPATH_SEARCH_PATHS = (
					"$(inherited)",
					"@executable_path/Frameworks",
				);
				PRODUCT_BUNDLE_IDENTIFIER = "Studio-B.trace-my-ride";
				PRODUCT_NAME = "$(TARGET_NAME)";
				SWIFT_VERSION = 5.0;
				TARGETED_DEVICE_FAMILY = "1,2";
			};
			name = Release;
		};
/* End XCBuildConfiguration section */

/* Begin XCConfigurationList section */
		D6CC0E2726F089A700AD45E0 /* Build configuration list for PBXProject "trace-my-ride" */ = {
			isa = XCConfigurationList;
			buildConfigurations = (
				D6CC0E3926F089A800AD45E0 /* Debug */,
				D6CC0E3A26F089A800AD45E0 /* Release */,
			);
			defaultConfigurationIsVisible = 0;
			defaultConfigurationName = Release;
		};
		D6CC0E3B26F089A800AD45E0 /* Build configuration list for PBXNativeTarget "trace-my-ride" */ = {
			isa = XCConfigurationList;
			buildConfigurations = (
				D6CC0E3C26F089A800AD45E0 /* Debug */,
				D6CC0E3D26F089A800AD45E0 /* Release */,
			);
			defaultConfigurationIsVisible = 0;
			defaultConfigurationName = Release;
		};
/* End XCConfigurationList section */
	};
	rootObject = D6CC0E2426F089A700AD45E0 /* Project object */;
}
